
Microsoft Visual Studio Solution File, Format Version 12.00
# Visual Studio Version 17
VisualStudioVersion = 17.0.31612.314
MinimumVisualStudioVersion = 10.0.40219.1
Project("{8BC9CEB8-8B4A-11D0-8D11-00A0C91BC942}") = "PW4_1", "PW4_1\PW4_1.vcxproj", "{55FD4D46-35FB-4DC0-8486-A6F474B979BF}"
EndProject
Project("{8BC9CEB8-8B4A-11D0-8D11-00A0C91BC942}") = "PW4_2", "PW4_2\PW4_2.vcxproj", "{3785D751-A659-443A-8ABD-52E3ACC46993}"
EndProject
Global
	GlobalSection(SolutionConfigurationPlatforms) = preSolution
		Debug|x64 = Debug|x64
		Debug|x86 = Debug|x86
		Release|x64 = Release|x64
		Release|x86 = Release|x86
	EndGlobalSection
	GlobalSection(ProjectConfigurationPlatforms) = postSolution
		{55FD4D46-35FB-4DC0-8486-A6F474B979BF}.Debug|x64.ActiveCfg = Debug|x64
		{55FD4D46-35FB-4DC0-8486-A6F474B979BF}.Debug|x64.Build.0 = Debug|x64
		{55FD4D46-35FB-4DC0-8486-A6F474B979BF}.Debug|x86.ActiveCfg = Debug|Win32
		{55FD4D46-35FB-4DC0-8486-A6F474B979BF}.Debug|x86.Build.0 = Debug|Win32
		{55FD4D46-35FB-4DC0-8486-A6F474B979BF}.Release|x64.ActiveCfg = Release|x64
		{55FD4D46-35FB-4DC0-8486-A6F474B979BF}.Release|x64.Build.0 = Release|x64
		{55FD4D46-35FB-4DC0-8486-A6F474B979BF}.Release|x86.ActiveCfg = Release|Win32
		{55FD4D46-35FB-4DC0-8486-A6F474B979BF}.Release|x86.Build.0 = Release|Win32
		{3785D751-A659-443A-8ABD-52E3ACC46993}.Debug|x64.ActiveCfg = Debug|x64
		{3785D751-A659-443A-8ABD-52E3ACC46993}.Debug|x64.Build.0 = Debug|x64
		{3785D751-A659-443A-8ABD-52E3ACC46993}.Debug|x86.ActiveCfg = Debug|Win32
		{3785D751-A659-443A-8ABD-52E3ACC46993}.Debug|x86.Build.0 = Debug|Win32
		{3785D751-A659-443A-8ABD-52E3ACC46993}.Release|x64.ActiveCfg = Release|x64
		{3785D751-A659-443A-8ABD-52E3ACC46993}.Release|x64.Build.0 = Release|x64
		{3785D751-A659-443A-8ABD-52E3ACC46993}.Release|x86.ActiveCfg = Release|Win32
		{3785D751-A659-443A-8ABD-52E3ACC46993}.Release|x86.Build.0 = Release|Win32
	EndGlobalSection
	GlobalSection(SolutionProperties) = preSolution
		HideSolutionNode = FALSE
	EndGlobalSection
	GlobalSection(ExtensibilityGlobals) = postSolution
		SolutionGuid = {76EDF216-83B0-4065-BDCF-08836ECF6F02}
	EndGlobalSection
EndGlobal
